# SPDX-License-Identifier: (GPL-2.0-only or BSD-2-Clause)
%YAML 1.2
---
$id: http://devicetree.org/schemas/hwlock/ti,omap-hwspinlock.yaml#
$schema: http://devicetree.org/meta-schemas/core.yaml#

title: TI HwSpinlock for OMAP and K3 based SoCs

maintainers:
  - Suman Anna <s-anna@ti.com>

properties:
  compatible:
    enum:
      - ti,omap4-hwspinlock  # for OMAP44xx, OMAP54xx, AM33xx, AM43xx, DRA7xx SoCs
      - ti,am64-hwspinlock   # for K3 AM64x SoCs
      - ti,am654-hwspinlock  # for K3 AM65x, J721E and J7200 SoCs

  reg:
    maxItems: 1

  "#hwlock-cells":
    const: 1
    description: |
      The OMAP hwspinlock users will use a 0-indexed relative hwlock number as
      the argument specifier value for requesting a specific hwspinlock within
      a hwspinlock bank.

      Please look at the generic hwlock binding for usage information for
      consumers, "Documentation/devicetree/bindings/hwlock/hwlock.txt"

required:
  - compatible
  - reg
  - "#hwlock-cells"

additionalProperties: false

examples:

  - |
    /* OMAP4 SoCs */
    hwspinlock: spinlock@4a0f6000 {
        compatible = "ti,omap4-hwspinlock";
        reg = <0x4a0f6000 0x1000>;
        #hwlock-cells = <1>;
    };

  - |
    / {
        /* K3 AM65x SoCs */
        model = "Texas Instruments K3 AM654 SoC";
        compatible = "ti,am654-evm", "ti,am654";
        #address-cells = <2>;
        #size-cells = <2>;

        bus@100000 {
            compatible = "simple-bus";
            #address-cells = <2>;
            #size-cells = <2>;
            ranges = <0x00 0x00100000 0x00 0x00100000 0x00 0x00020000>, /* ctrl mmr */
                     <0x00 0x30800000 0x00 0x30800000 0x00 0x0bc00000>; /* Main NavSS */

            bus@30800000 {
                compatible = "simple-mfd";
                #address-cells = <2>;
                #size-cells = <2>;
                ranges = <0x00 0x30800000 0x00 0x30800000 0x00 0x0bc00000>;

                spinlock@30e00000 {
                    compatible = "ti,am654-hwspinlock";
                    reg = <0x00 0x30e00000 0x00 0x1000>;
                    #hwlock-cells = <1>;
                };
            };
        };
    };

  - |
    / {
        /* K3 AM64x SoCs */
        model = "Texas Instruments K3 AM642 SoC";
        compatible = "ti,am642-evm", "ti,am642";
        #address-cells = <2>;
        #size-cells = <2>;

        bus@f4000 {
            compatible = "simple-bus";
            #address-cells = <2>;
            #size-cells = <2>;
            ranges = <0x00 0x000f4000 0x00 0x000f4000 0x00 0x000002e4>, /* PINCTRL */
                     <0x00 0x01000000 0x00 0x01000000 0x00 0x02330400>, /* First peripheral window */
                     <0x00 0x0f000000 0x00 0x0f000000 0x00 0x00c44200>, /* Second peripheral window */
                     <0x00 0x20000000 0x00 0x20000000 0x00 0x0a008000>; /* Third peripheral window */

            spinlock@2a000000 {
                compatible = "ti,am64-hwspinlock";
                reg = <0x00 0x2a000000 0x00 0x1000>;
                #hwlock-cells = <1>;
            };
        };
    };
